
Microsoft Visual Studio Solution File, Format Version 12.00
# Visual Studio 15
VisualStudioVersion = 15.0.28010.2046
MinimumVisualStudioVersion = 10.0.40219.1
Project("{FAE04EC0-301F-11D3-BF4B-00C04F79EFBC}") = "App01_ConsultaCEP.Android", "App01_ConsultaCEP\App01_ConsultaCEP.Android\App01_ConsultaCEP.Android.csproj", "{E06F8CC6-36F9-4758-A75D-571A1CB00122}"
EndProject
Project("{FAE04EC0-301F-11D3-BF4B-00C04F79EFBC}") = "App01_ConsultaCEP.iOS", "App01_ConsultaCEP\App01_ConsultaCEP.iOS\App01_ConsultaCEP.iOS.csproj", "{A2604F46-B6B7-4BF8-B998-E4C014F0DB0E}"
EndProject
Project("{FAE04EC0-301F-11D3-BF4B-00C04F79EFBC}") = "App01_ConsultaCEP.UWP", "App01_ConsultaCEP\App01_ConsultaCEP.UWP\App01_ConsultaCEP.UWP.csproj", "{B42BA110-2B1A-4728-A219-5335FBF4B84B}"
EndProject
Project("{9A19103F-16F7-4668-BE54-9A1E7A4F7556}") = "App01_ConsultaCEP", "App01_ConsultaCEP\App01_ConsultaCEP\App01_ConsultaCEP.csproj", "{DD54D1A3-8EE2-4FAB-B08D-B51A8373F04D}"
EndProject
Global
	GlobalSection(SolutionConfigurationPlatforms) = preSolution
		Ad-Hoc|Any CPU = Ad-Hoc|Any CPU
		Ad-Hoc|ARM = Ad-Hoc|ARM
		Ad-Hoc|iPhone = Ad-Hoc|iPhone
		Ad-Hoc|iPhoneSimulator = Ad-Hoc|iPhoneSimulator
		Ad-Hoc|x64 = Ad-Hoc|x64
		Ad-Hoc|x86 = Ad-Hoc|x86
		AppStore|Any CPU = AppStore|Any CPU
		AppStore|ARM = AppStore|ARM
		AppStore|iPhone = AppStore|iPhone
		AppStore|iPhoneSimulator = AppStore|iPhoneSimulator
		AppStore|x64 = AppStore|x64
		AppStore|x86 = AppStore|x86
		Debug|Any CPU = Debug|Any CPU
		Debug|ARM = Debug|ARM
		Debug|iPhone = Debug|iPhone
		Debug|iPhoneSimulator = Debug|iPhoneSimulator
		Debug|x64 = Debug|x64
		Debug|x86 = Debug|x86
		Release|Any CPU = Release|Any CPU
		Release|ARM = Release|ARM
		Release|iPhone = Release|iPhone
		Release|iPhoneSimulator = Release|iPhoneSimulator
		Release|x64 = Release|x64
		Release|x86 = Release|x86
	EndGlobalSection
	GlobalSection(ProjectConfigurationPlatforms) = postSolution
		{E06F8CC6-36F9-4758-A75D-571A1CB00122}.Ad-Hoc|Any CPU.ActiveCfg = Release|Any CPU
		{E06F8CC6-36F9-4758-A75D-571A1CB00122}.Ad-Hoc|Any CPU.Build.0 = Release|Any CPU
		{E06F8CC6-36F9-4758-A75D-571A1CB00122}.Ad-Hoc|Any CPU.Deploy.0 = Release|Any CPU
		{E06F8CC6-36F9-4758-A75D-571A1CB00122}.Ad-Hoc|ARM.ActiveCfg = Release|Any CPU
		{E06F8CC6-36F9-4758-A75D-571A1CB00122}.Ad-Hoc|ARM.Build.0 = Release|Any CPU
		{E06F8CC6-36F9-4758-A75D-571A1CB00122}.Ad-Hoc|ARM.Deploy.0 = Release|Any CPU
		{E06F8CC6-36F9-4758-A75D-571A1CB00122}.Ad-Hoc|iPhone.ActiveCfg = Release|Any CPU
		{E06F8CC6-36F9-4758-A75D-571A1CB00122}.Ad-Hoc|iPhone.Build.0 = Release|Any CPU
		{E06F8CC6-36F9-4758-A75D-571A1CB00122}.Ad-Hoc|iPhone.Deploy.0 = Release|Any CPU
		{E06F8CC6-36F9-4758-A75D-571A1CB00122}.Ad-Hoc|iPhoneSimulator.ActiveCfg = Release|Any CPU
		{E06F8CC6-36F9-4758-A75D-571A1CB00122}.Ad-Hoc|iPhoneSimulator.Build.0 = Release|Any CPU
		{E06F8CC6-36F9-4758-A75D-571A1CB00122}.Ad-Hoc|iPhoneSimulator.Deploy.0 = Release|Any CPU
		{E06F8CC6-36F9-4758-A75D-571A1CB00122}.Ad-Hoc|x64.ActiveCfg = Release|Any CPU
		{E06F8CC6-36F9-4758-A75D-571A1CB00122}.Ad-Hoc|x64.Build.0 = Release|Any CPU
		{E06F8CC6-36F9-4758-A75D-571A1CB00122}.Ad-Hoc|x64.Deploy.0 = Release|Any CPU
		{E06F8CC6-36F9-4758-A75D-571A1CB00122}.Ad-Hoc|x86.ActiveCfg = Release|Any CPU
		{E06F8CC6-36F9-4758-A75D-571A1CB00122}.Ad-Hoc|x86.Build.0 = Release|Any CPU
		{E06F8CC6-36F9-4758-A75D-571A1CB00122}.Ad-Hoc|x86.Deploy.0 = Release|Any CPU
		{E06F8CC6-36F9-4758-A75D-571A1CB00122}.AppStore|Any CPU.ActiveCfg = Release|Any CPU
		{E06F8CC6-36F9-4758-A75D-571A1CB00122}.AppStore|Any CPU.Build.0 = Release|Any CPU
		{E06F8CC6-36F9-4758-A75D-571A1CB00122}.AppStore|Any CPU.Deploy.0 = Release|Any CPU
		{E06F8CC6-36F9-4758-A75D-571A1CB00122}.AppStore|ARM.ActiveCfg = Release|Any CPU
		{E06F8CC6-36F9-4758-A75D-571A1CB00122}.AppStore|ARM.Build.0 = Release|Any CPU
		{E06F8CC6-36F9-4758-A75D-571A1CB00122}.AppStore|ARM.Deploy.0 = Release|Any CPU
		{E06F8CC6-36F9-4758-A75D-571A1CB00122}.AppStore|iPhone.ActiveCfg = Release|Any CPU
		{E06F8CC6-36F9-4758-A75D-571A1CB00122}.AppStore|iPhone.Build.0 = Release|Any CPU
		{E06F8CC6-36F9-4758-A75D-571A1CB00122}.AppStore|iPhone.Deploy.0 = Release|Any CPU
		{E06F8CC6-36F9-4758-A75D-571A1CB00122}.AppStore|iPhoneSimulator.ActiveCfg = Release|Any CPU
		{E06F8CC6-36F9-4758-A75D-571A1CB00122}.AppStore|iPhoneSimulator.Build.0 = Release|Any CPU
		{E06F8CC6-36F9-4758-A75D-571A1CB00122}.AppStore|iPhoneSimulator.Deploy.0 = Release|Any CPU
		{E06F8CC6-36F9-4758-A75D-571A1CB00122}.AppStore|x64.ActiveCfg = Release|Any CPU
		{E06F8CC6-36F9-4758-A75D-571A1CB00122}.AppStore|x64.Build.0 = Release|Any CPU
		{E06F8CC6-36F9-4758-A75D-571A1CB00122}.AppStore|x64.Deploy.0 = Release|Any CPU
		{E06F8CC6-36F9-4758-A75D-571A1CB00122}.AppStore|x86.ActiveCfg = Release|Any CPU
		{E06F8CC6-36F9-4758-A75D-571A1CB00122}.AppStore|x86.Build.0 = Release|Any CPU
		{E06F8CC6-36F9-4758-A75D-571A1CB00122}.AppStore|x86.Deploy.0 = Release|Any CPU
		{E06F8CC6-36F9-4758-A75D-571A1CB00122}.Debug|Any CPU.ActiveCfg = Debug|Any CPU
		{E06F8CC6-36F9-4758-A75D-571A1CB00122}.Debug|Any CPU.Build.0 = Debug|Any CPU
		{E06F8CC6-36F9-4758-A75D-571A1CB00122}.Debug|Any CPU.Deploy.0 = Debug|Any CPU
		{E06F8CC6-36F9-4758-A75D-571A1CB00122}.Debug|ARM.ActiveCfg = Debug|Any CPU
		{E06F8CC6-36F9-4758-A75D-571A1CB00122}.Debug|ARM.Build.0 = Debug|Any CPU
		{E06F8CC6-36F9-4758-A75D-571A1CB00122}.Debug|ARM.Deploy.0 = Debug|Any CPU
		{E06F8CC6-36F9-4758-A75D-571A1CB00122}.Debug|iPhone.ActiveCfg = Debug|Any CPU
		{E06F8CC6-36F9-4758-A75D-571A1CB00122}.Debug|iPhone.Build.0 = Debug|Any CPU
		{E06F8CC6-36F9-4758-A75D-571A1CB00122}.Debug|iPhone.Deploy.0 = Debug|Any CPU
		{E06F8CC6-36F9-4758-A75D-571A1CB00122}.Debug|iPhoneSimulator.ActiveCfg = Debug|Any CPU
		{E06F8CC6-36F9-4758-A75D-571A1CB00122}.Debug|iPhoneSimulator.Build.0 = Debug|Any CPU
		{E06F8CC6-36F9-4758-A75D-571A1CB00122}.Debug|iPhoneSimulator.Deploy.0 = Debug|Any CPU
		{E06F8CC6-36F9-4758-A75D-571A1CB00122}.Debug|x64.ActiveCfg = Debug|Any CPU
		{E06F8CC6-36F9-4758-A75D-571A1CB00122}.Debug|x64.Build.0 = Debug|Any CPU
		{E06F8CC6-36F9-4758-A75D-571A1CB00122}.Debug|x64.Deploy.0 = Debug|Any CPU
		{E06F8CC6-36F9-4758-A75D-571A1CB00122}.Debug|x86.ActiveCfg = Debug|Any CPU
		{E06F8CC6-36F9-4758-A75D-571A1CB00122}.Debug|x86.Build.0 = Debug|Any CPU
		{E06F8CC6-36F9-4758-A75D-571A1CB00122}.Debug|x86.Deploy.0 = Debug|Any CPU
		{E06F8CC6-36F9-4758-A75D-571A1CB00122}.Release|Any CPU.ActiveCfg = Release|Any CPU
		{E06F8CC6-36F9-4758-A75D-571A1CB00122}.Release|Any CPU.Build.0 = Release|Any CPU
		{E06F8CC6-36F9-4758-A75D-571A1CB00122}.Release|Any CPU.Deploy.0 = Release|Any CPU
		{E06F8CC6-36F9-4758-A75D-571A1CB00122}.Release|ARM.ActiveCfg = Release|Any CPU
		{E06F8CC6-36F9-4758-A75D-571A1CB00122}.Release|ARM.Build.0 = Release|Any CPU
		{E06F8CC6-36F9-4758-A75D-571A1CB00122}.Release|ARM.Deploy.0 = Release|Any CPU
		{E06F8CC6-36F9-4758-A75D-571A1CB00122}.Release|iPhone.ActiveCfg = Release|Any CPU
		{E06F8CC6-36F9-4758-A75D-571A1CB00122}.Release|iPhone.Build.0 = Release|Any CPU
		{E06F8CC6-36F9-4758-A75D-571A1CB00122}.Release|iPhone.Deploy.0 = Release|Any CPU
		{E06F8CC6-36F9-4758-A75D-571A1CB00122}.Release|iPhoneSimulator.ActiveCfg = Release|Any CPU
		{E06F8CC6-36F9-4758-A75D-571A1CB00122}.Release|iPhoneSimulator.Build.0 = Release|Any CPU
		{E06F8CC6-36F9-4758-A75D-571A1CB00122}.Release|iPhoneSimulator.Deploy.0 = Release|Any CPU
		{E06F8CC6-36F9-4758-A75D-571A1CB00122}.Release|x64.ActiveCfg = Release|Any CPU
		{E06F8CC6-36F9-4758-A75D-571A1CB00122}.Release|x64.Build.0 = Release|Any CPU
		{E06F8CC6-36F9-4758-A75D-571A1CB00122}.Release|x64.Deploy.0 = Release|Any CPU
		{E06F8CC6-36F9-4758-A75D-571A1CB00122}.Release|x86.ActiveCfg = Release|Any CPU
		{E06F8CC6-36F9-4758-A75D-571A1CB00122}.Release|x86.Build.0 = Release|Any CPU
		{E06F8CC6-36F9-4758-A75D-571A1CB00122}.Release|x86.Deploy.0 = Release|Any CPU
		{A2604F46-B6B7-4BF8-B998-E4C014F0DB0E}.Ad-Hoc|Any CPU.ActiveCfg = Ad-Hoc|iPhone
		{A2604F46-B6B7-4BF8-B998-E4C014F0DB0E}.Ad-Hoc|Any CPU.Build.0 = Ad-Hoc|iPhone
		{A2604F46-B6B7-4BF8-B998-E4C014F0DB0E}.Ad-Hoc|Any CPU.Deploy.0 = Ad-Hoc|iPhone
		{A2604F46-B6B7-4BF8-B998-E4C014F0DB0E}.Ad-Hoc|ARM.ActiveCfg = Ad-Hoc|iPhone
		{A2604F46-B6B7-4BF8-B998-E4C014F0DB0E}.Ad-Hoc|ARM.Build.0 = Ad-Hoc|iPhone
		{A2604F46-B6B7-4BF8-B998-E4C014F0DB0E}.Ad-Hoc|ARM.Deploy.0 = Ad-Hoc|iPhone
		{A2604F46-B6B7-4BF8-B998-E4C014F0DB0E}.Ad-Hoc|iPhone.ActiveCfg = Ad-Hoc|iPhone
		{A2604F46-B6B7-4BF8-B998-E4C014F0DB0E}.Ad-Hoc|iPhone.Build.0 = Ad-Hoc|iPhone
		{A2604F46-B6B7-4BF8-B998-E4C014F0DB0E}.Ad-Hoc|iPhone.Deploy.0 = Ad-Hoc|iPhone
		{A2604F46-B6B7-4BF8-B998-E4C014F0DB0E}.Ad-Hoc|iPhoneSimulator.ActiveCfg = Ad-Hoc|iPhoneSimulator
		{A2604F46-B6B7-4BF8-B998-E4C014F0DB0E}.Ad-Hoc|iPhoneSimulator.Build.0 = Ad-Hoc|iPhoneSimulator
		{A2604F46-B6B7-4BF8-B998-E4C014F0DB0E}.Ad-Hoc|iPhoneSimulator.Deploy.0 = Ad-Hoc|iPhoneSimulator
		{A2604F46-B6B7-4BF8-B998-E4C014F0DB0E}.Ad-Hoc|x64.ActiveCfg = Ad-Hoc|iPhone
		{A2604F46-B6B7-4BF8-B998-E4C014F0DB0E}.Ad-Hoc|x64.Build.0 = Ad-Hoc|iPhone
		{A2604F46-B6B7-4BF8-B998-E4C014F0DB0E}.Ad-Hoc|x64.Deploy.0 = Ad-Hoc|iPhone
		{A2604F46-B6B7-4BF8-B998-E4C014F0DB0E}.Ad-Hoc|x86.ActiveCfg = Ad-Hoc|iPhone
		{A2604F46-B6B7-4BF8-B998-E4C014F0DB0E}.Ad-Hoc|x86.Build.0 = Ad-Hoc|iPhone
		{A2604F46-B6B7-4BF8-B998-E4C014F0DB0E}.Ad-Hoc|x86.Deploy.0 = Ad-Hoc|iPhone
		{A2604F46-B6B7-4BF8-B998-E4C014F0DB0E}.AppStore|Any CPU.ActiveCfg = AppStore|iPhone
		{A2604F46-B6B7-4BF8-B998-E4C014F0DB0E}.AppStore|Any CPU.Build.0 = AppStore|iPhone
		{A2604F46-B6B7-4BF8-B998-E4C014F0DB0E}.AppStore|Any CPU.Deploy.0 = AppStore|iPhone
		{A2604F46-B6B7-4BF8-B998-E4C014F0DB0E}.AppStore|ARM.ActiveCfg = AppStore|iPhone
		{A2604F46-B6B7-4BF8-B998-E4C014F0DB0E}.AppStore|ARM.Build.0 = AppStore|iPhone
		{A2604F46-B6B7-4BF8-B998-E4C014F0DB0E}.AppStore|ARM.Deploy.0 = AppStore|iPhone
		{A2604F46-B6B7-4BF8-B998-E4C014F0DB0E}.AppStore|iPhone.ActiveCfg = AppStore|iPhone
		{A2604F46-B6B7-4BF8-B998-E4C014F0DB0E}.AppStore|iPhone.Build.0 = AppStore|iPhone
		{A2604F46-B6B7-4BF8-B998-E4C014F0DB0E}.AppStore|iPhone.Deploy.0 = AppStore|iPhone
		{A2604F46-B6B7-4BF8-B998-E4C014F0DB0E}.AppStore|iPhoneSimulator.ActiveCfg = AppStore|iPhoneSimulator
		{A2604F46-B6B7-4BF8-B998-E4C014F0DB0E}.AppStore|iPhoneSimulator.Build.0 = AppStore|iPhoneSimulator
		{A2604F46-B6B7-4BF8-B998-E4C014F0DB0E}.AppStore|iPhoneSimulator.Deploy.0 = AppStore|iPhoneSimulator
		{A2604F46-B6B7-4BF8-B998-E4C014F0DB0E}.AppStore|x64.ActiveCfg = AppStore|iPhone
		{A2604F46-B6B7-4BF8-B998-E4C014F0DB0E}.AppStore|x64.Build.0 = AppStore|iPhone
		{A2604F46-B6B7-4BF8-B998-E4C014F0DB0E}.AppStore|x64.Deploy.0 = AppStore|iPhone
		{A2604F46-B6B7-4BF8-B998-E4C014F0DB0E}.AppStore|x86.ActiveCfg = AppStore|iPhone
		{A2604F46-B6B7-4BF8-B998-E4C014F0DB0E}.AppStore|x86.Build.0 = AppStore|iPhone
		{A2604F46-B6B7-4BF8-B998-E4C014F0DB0E}.AppStore|x86.Deploy.0 = AppStore|iPhone
		{A2604F46-B6B7-4BF8-B998-E4C014F0DB0E}.Debug|Any CPU.ActiveCfg = Debug|iPhoneSimulator
		{A2604F46-B6B7-4BF8-B998-E4C014F0DB0E}.Debug|Any CPU.Build.0 = Debug|iPhoneSimulator
		{A2604F46-B6B7-4BF8-B998-E4C014F0DB0E}.Debug|Any CPU.Deploy.0 = Debug|iPhoneSimulator
		{A2604F46-B6B7-4BF8-B998-E4C014F0DB0E}.Debug|ARM.ActiveCfg = Debug|iPhone
		{A2604F46-B6B7-4BF8-B998-E4C014F0DB0E}.Debug|ARM.Build.0 = Debug|iPhone
		{A2604F46-B6B7-4BF8-B998-E4C014F0DB0E}.Debug|ARM.Deploy.0 = Debug|iPhone
		{A2604F46-B6B7-4BF8-B998-E4C014F0DB0E}.Debug|iPhone.ActiveCfg = Debug|iPhone
		{A2604F46-B6B7-4BF8-B998-E4C014F0DB0E}.Debug|iPhone.Build.0 = Debug|iPhone
		{A2604F46-B6B7-4BF8-B998-E4C014F0DB0E}.Debug|iPhone.Deploy.0 = Debug|iPhone
		{A2604F46-B6B7-4BF8-B998-E4C014F0DB0E}.Debug|iPhoneSimulator.ActiveCfg = Debug|iPhoneSimulator
		{A2604F46-B6B7-4BF8-B998-E4C014F0DB0E}.Debug|iPhoneSimulator.Build.0 = Debug|iPhoneSimulator
		{A2604F46-B6B7-4BF8-B998-E4C014F0DB0E}.Debug|iPhoneSimulator.Deploy.0 = Debug|iPhoneSimulator
		{A2604F46-B6B7-4BF8-B998-E4C014F0DB0E}.Debug|x64.ActiveCfg = Debug|iPhone
		{A2604F46-B6B7-4BF8-B998-E4C014F0DB0E}.Debug|x64.Build.0 = Debug|iPhone
		{A2604F46-B6B7-4BF8-B998-E4C014F0DB0E}.Debug|x64.Deploy.0 = Debug|iPhone
		{A2604F46-B6B7-4BF8-B998-E4C014F0DB0E}.Debug|x86.ActiveCfg = Debug|iPhone
		{A2604F46-B6B7-4BF8-B998-E4C014F0DB0E}.Debug|x86.Build.0 = Debug|iPhone
		{A2604F46-B6B7-4BF8-B998-E4C014F0DB0E}.Debug|x86.Deploy.0 = Debug|iPhone
		{A2604F46-B6B7-4BF8-B998-E4C014F0DB0E}.Release|Any CPU.ActiveCfg = Release|iPhone
		{A2604F46-B6B7-4BF8-B998-E4C014F0DB0E}.Release|Any CPU.Build.0 = Release|iPhone
		{A2604F46-B6B7-4BF8-B998-E4C014F0DB0E}.Release|Any CPU.Deploy.0 = Release|iPhone
		{A2604F46-B6B7-4BF8-B998-E4C014F0DB0E}.Release|ARM.ActiveCfg = Release|iPhone
		{A2604F46-B6B7-4BF8-B998-E4C014F0DB0E}.Release|ARM.Build.0 = Release|iPhone
		{A2604F46-B6B7-4BF8-B998-E4C014F0DB0E}.Release|ARM.Deploy.0 = Release|iPhone
		{A2604F46-B6B7-4BF8-B998-E4C014F0DB0E}.Release|iPhone.ActiveCfg = Release|iPhone
		{A2604F46-B6B7-4BF8-B998-E4C014F0DB0E}.Release|iPhone.Build.0 = Release|iPhone
		{A2604F46-B6B7-4BF8-B998-E4C014F0DB0E}.Release|iPhone.Deploy.0 = Release|iPhone
		{A2604F46-B6B7-4BF8-B998-E4C014F0DB0E}.Release|iPhoneSimulator.ActiveCfg = Release|iPhoneSimulator
		{A2604F46-B6B7-4BF8-B998-E4C014F0DB0E}.Release|iPhoneSimulator.Build.0 = Release|iPhoneSimulator
		{A2604F46-B6B7-4BF8-B998-E4C014F0DB0E}.Release|iPhoneSimulator.Deploy.0 = Release|iPhoneSimulator
		{A2604F46-B6B7-4BF8-B998-E4C014F0DB0E}.Release|x64.ActiveCfg = Release|iPhone
		{A2604F46-B6B7-4BF8-B998-E4C014F0DB0E}.Release|x64.Build.0 = Release|iPhone
		{A2604F46-B6B7-4BF8-B998-E4C014F0DB0E}.Release|x64.Deploy.0 = Release|iPhone
		{A2604F46-B6B7-4BF8-B998-E4C014F0DB0E}.Release|x86.ActiveCfg = Release|iPhone
		{A2604F46-B6B7-4BF8-B998-E4C014F0DB0E}.Release|x86.Build.0 = Release|iPhone
		{A2604F46-B6B7-4BF8-B998-E4C014F0DB0E}.Release|x86.Deploy.0 = Release|iPhone
		{B42BA110-2B1A-4728-A219-5335FBF4B84B}.Ad-Hoc|Any CPU.ActiveCfg = Release|x86
		{B42BA110-2B1A-4728-A219-5335FBF4B84B}.Ad-Hoc|Any CPU.Build.0 = Release|x86
		{B42BA110-2B1A-4728-A219-5335FBF4B84B}.Ad-Hoc|Any CPU.Deploy.0 = Release|x86
		{B42BA110-2B1A-4728-A219-5335FBF4B84B}.Ad-Hoc|ARM.ActiveCfg = Release|ARM
		{B42BA110-2B1A-4728-A219-5335FBF4B84B}.Ad-Hoc|ARM.Build.0 = Release|ARM
		{B42BA110-2B1A-4728-A219-5335FBF4B84B}.Ad-Hoc|ARM.Deploy.0 = Release|ARM
		{B42BA110-2B1A-4728-A219-5335FBF4B84B}.Ad-Hoc|iPhone.ActiveCfg = Release|x86
		{B42BA110-2B1A-4728-A219-5335FBF4B84B}.Ad-Hoc|iPhone.Build.0 = Release|x86
		{B42BA110-2B1A-4728-A219-5335FBF4B84B}.Ad-Hoc|iPhone.Deploy.0 = Release|x86
		{B42BA110-2B1A-4728-A219-5335FBF4B84B}.Ad-Hoc|iPhoneSimulator.ActiveCfg = Release|x86
		{B42BA110-2B1A-4728-A219-5335FBF4B84B}.Ad-Hoc|iPhoneSimulator.Build.0 = Release|x86
		{B42BA110-2B1A-4728-A219-5335FBF4B84B}.Ad-Hoc|iPhoneSimulator.Deploy.0 = Release|x86
		{B42BA110-2B1A-4728-A219-5335FBF4B84B}.Ad-Hoc|x64.ActiveCfg = Release|x64
		{B42BA110-2B1A-4728-A219-5335FBF4B84B}.Ad-Hoc|x64.Build.0 = Release|x64
		{B42BA110-2B1A-4728-A219-5335FBF4B84B}.Ad-Hoc|x64.Deploy.0 = Release|x64
		{B42BA110-2B1A-4728-A219-5335FBF4B84B}.Ad-Hoc|x86.ActiveCfg = Release|x86
		{B42BA110-2B1A-4728-A219-5335FBF4B84B}.Ad-Hoc|x86.Build.0 = Release|x86
		{B42BA110-2B1A-4728-A219-5335FBF4B84B}.Ad-Hoc|x86.Deploy.0 = Release|x86
		{B42BA110-2B1A-4728-A219-5335FBF4B84B}.AppStore|Any CPU.ActiveCfg = Release|x86
		{B42BA110-2B1A-4728-A219-5335FBF4B84B}.AppStore|Any CPU.Build.0 = Release|x86
		{B42BA110-2B1A-4728-A219-5335FBF4B84B}.AppStore|Any CPU.Deploy.0 = Release|x86
		{B42BA110-2B1A-4728-A219-5335FBF4B84B}.AppStore|ARM.ActiveCfg = Release|ARM
		{B42BA110-2B1A-4728-A219-5335FBF4B84B}.AppStore|ARM.Build.0 = Release|ARM
		{B42BA110-2B1A-4728-A219-5335FBF4B84B}.AppStore|ARM.Deploy.0 = Release|ARM
		{B42BA110-2B1A-4728-A219-5335FBF4B84B}.AppStore|iPhone.ActiveCfg = Release|x86
		{B42BA110-2B1A-4728-A219-5335FBF4B84B}.AppStore|iPhone.Build.0 = Release|x86
		{B42BA110-2B1A-4728-A219-5335FBF4B84B}.AppStore|iPhone.Deploy.0 = Release|x86
		{B42BA110-2B1A-4728-A219-5335FBF4B84B}.AppStore|iPhoneSimulator.ActiveCfg = Release|x86
		{B42BA110-2B1A-4728-A219-5335FBF4B84B}.AppStore|iPhoneSimulator.Build.0 = Release|x86
		{B42BA110-2B1A-4728-A219-5335FBF4B84B}.AppStore|iPhoneSimulator.Deploy.0 = Release|x86
		{B42BA110-2B1A-4728-A219-5335FBF4B84B}.AppStore|x64.ActiveCfg = Release|x64
		{B42BA110-2B1A-4728-A219-5335FBF4B84B}.AppStore|x64.Build.0 = Release|x64
		{B42BA110-2B1A-4728-A219-5335FBF4B84B}.AppStore|x64.Deploy.0 = Release|x64
		{B42BA110-2B1A-4728-A219-5335FBF4B84B}.AppStore|x86.ActiveCfg = Release|x86
		{B42BA110-2B1A-4728-A219-5335FBF4B84B}.AppStore|x86.Build.0 = Release|x86
		{B42BA110-2B1A-4728-A219-5335FBF4B84B}.AppStore|x86.Deploy.0 = Release|x86
		{B42BA110-2B1A-4728-A219-5335FBF4B84B}.Debug|Any CPU.ActiveCfg = Debug|x86
		{B42BA110-2B1A-4728-A219-5335FBF4B84B}.Debug|Any CPU.Build.0 = Debug|x86
		{B42BA110-2B1A-4728-A219-5335FBF4B84B}.Debug|Any CPU.Deploy.0 = Debug|x86
		{B42BA110-2B1A-4728-A219-5335FBF4B84B}.Debug|ARM.ActiveCfg = Debug|ARM
		{B42BA110-2B1A-4728-A219-5335FBF4B84B}.Debug|ARM.Build.0 = Debug|ARM
		{B42BA110-2B1A-4728-A219-5335FBF4B84B}.Debug|ARM.Deploy.0 = Debug|ARM
		{B42BA110-2B1A-4728-A219-5335FBF4B84B}.Debug|iPhone.ActiveCfg = Debug|x86
		{B42BA110-2B1A-4728-A219-5335FBF4B84B}.Debug|iPhone.Build.0 = Debug|x86
		{B42BA110-2B1A-4728-A219-5335FBF4B84B}.Debug|iPhone.Deploy.0 = Debug|x86
		{B42BA110-2B1A-4728-A219-5335FBF4B84B}.Debug|iPhoneSimulator.ActiveCfg = Debug|x86
		{B42BA110-2B1A-4728-A219-5335FBF4B84B}.Debug|iPhoneSimulator.Build.0 = Debug|x86
		{B42BA110-2B1A-4728-A219-5335FBF4B84B}.Debug|iPhoneSimulator.Deploy.0 = Debug|x86
		{B42BA110-2B1A-4728-A219-5335FBF4B84B}.Debug|x64.ActiveCfg = Debug|x64
		{B42BA110-2B1A-4728-A219-5335FBF4B84B}.Debug|x64.Build.0 = Debug|x64
		{B42BA110-2B1A-4728-A219-5335FBF4B84B}.Debug|x64.Deploy.0 = Debug|x64
		{B42BA110-2B1A-4728-A219-5335FBF4B84B}.Debug|x86.ActiveCfg = Debug|x86
		{B42BA110-2B1A-4728-A219-5335FBF4B84B}.Debug|x86.Build.0 = Debug|x86
		{B42BA110-2B1A-4728-A219-5335FBF4B84B}.Debug|x86.Deploy.0 = Debug|x86
		{B42BA110-2B1A-4728-A219-5335FBF4B84B}.Release|Any CPU.ActiveCfg = Release|x86
		{B42BA110-2B1A-4728-A219-5335FBF4B84B}.Release|Any CPU.Build.0 = Release|x86
		{B42BA110-2B1A-4728-A219-5335FBF4B84B}.Release|Any CPU.Deploy.0 = Release|x86
		{B42BA110-2B1A-4728-A219-5335FBF4B84B}.Release|ARM.ActiveCfg = Release|ARM
		{B42BA110-2B1A-4728-A219-5335FBF4B84B}.Release|ARM.Build.0 = Release|ARM
		{B42BA110-2B1A-4728-A219-5335FBF4B84B}.Release|ARM.Deploy.0 = Release|ARM
		{B42BA110-2B1A-4728-A219-5335FBF4B84B}.Release|iPhone.ActiveCfg = Release|x86
		{B42BA110-2B1A-4728-A219-5335FBF4B84B}.Release|iPhone.Build.0 = Release|x86
		{B42BA110-2B1A-4728-A219-5335FBF4B84B}.Release|iPhone.Deploy.0 = Release|x86
		{B42BA110-2B1A-4728-A219-5335FBF4B84B}.Release|iPhoneSimulator.ActiveCfg = Release|x86
		{B42BA110-2B1A-4728-A219-5335FBF4B84B}.Release|iPhoneSimulator.Build.0 = Release|x86
		{B42BA110-2B1A-4728-A219-5335FBF4B84B}.Release|iPhoneSimulator.Deploy.0 = Release|x86
		{B42BA110-2B1A-4728-A219-5335FBF4B84B}.Release|x64.ActiveCfg = Release|x64
		{B42BA110-2B1A-4728-A219-5335FBF4B84B}.Release|x64.Build.0 = Release|x64
		{B42BA110-2B1A-4728-A219-5335FBF4B84B}.Release|x64.Deploy.0 = Release|x64
		{B42BA110-2B1A-4728-A219-5335FBF4B84B}.Release|x86.ActiveCfg = Release|x86
		{B42BA110-2B1A-4728-A219-5335FBF4B84B}.Release|x86.Build.0 = Release|x86
		{B42BA110-2B1A-4728-A219-5335FBF4B84B}.Release|x86.Deploy.0 = Release|x86
		{DD54D1A3-8EE2-4FAB-B08D-B51A8373F04D}.Ad-Hoc|Any CPU.ActiveCfg = Debug|Any CPU
		{DD54D1A3-8EE2-4FAB-B08D-B51A8373F04D}.Ad-Hoc|Any CPU.Build.0 = Debug|Any CPU
		{DD54D1A3-8EE2-4FAB-B08D-B51A8373F04D}.Ad-Hoc|Any CPU.Deploy.0 = Debug|Any CPU
		{DD54D1A3-8EE2-4FAB-B08D-B51A8373F04D}.Ad-Hoc|ARM.ActiveCfg = Debug|Any CPU
		{DD54D1A3-8EE2-4FAB-B08D-B51A8373F04D}.Ad-Hoc|ARM.Build.0 = Debug|Any CPU
		{DD54D1A3-8EE2-4FAB-B08D-B51A8373F04D}.Ad-Hoc|ARM.Deploy.0 = Debug|Any CPU
		{DD54D1A3-8EE2-4FAB-B08D-B51A8373F04D}.Ad-Hoc|iPhone.ActiveCfg = Debug|Any CPU
		{DD54D1A3-8EE2-4FAB-B08D-B51A8373F04D}.Ad-Hoc|iPhone.Build.0 = Debug|Any CPU
		{DD54D1A3-8EE2-4FAB-B08D-B51A8373F04D}.Ad-Hoc|iPhone.Deploy.0 = Debug|Any CPU
		{DD54D1A3-8EE2-4FAB-B08D-B51A8373F04D}.Ad-Hoc|iPhoneSimulator.ActiveCfg = Debug|Any CPU
		{DD54D1A3-8EE2-4FAB-B08D-B51A8373F04D}.Ad-Hoc|iPhoneSimulator.Build.0 = Debug|Any CPU
		{DD54D1A3-8EE2-4FAB-B08D-B51A8373F04D}.Ad-Hoc|iPhoneSimulator.Deploy.0 = Debug|Any CPU
		{DD54D1A3-8EE2-4FAB-B08D-B51A8373F04D}.Ad-Hoc|x64.ActiveCfg = Debug|Any CPU
		{DD54D1A3-8EE2-4FAB-B08D-B51A8373F04D}.Ad-Hoc|x64.Build.0 = Debug|Any CPU
		{DD54D1A3-8EE2-4FAB-B08D-B51A8373F04D}.Ad-Hoc|x64.Deploy.0 = Debug|Any CPU
		{DD54D1A3-8EE2-4FAB-B08D-B51A8373F04D}.Ad-Hoc|x86.ActiveCfg = Debug|Any CPU
		{DD54D1A3-8EE2-4FAB-B08D-B51A8373F04D}.Ad-Hoc|x86.Build.0 = Debug|Any CPU
		{DD54D1A3-8EE2-4FAB-B08D-B51A8373F04D}.Ad-Hoc|x86.Deploy.0 = Debug|Any CPU
		{DD54D1A3-8EE2-4FAB-B08D-B51A8373F04D}.AppStore|Any CPU.ActiveCfg = Debug|Any CPU
		{DD54D1A3-8EE2-4FAB-B08D-B51A8373F04D}.AppStore|Any CPU.Build.0 = Debug|Any CPU
		{DD54D1A3-8EE2-4FAB-B08D-B51A8373F04D}.AppStore|Any CPU.Deploy.0 = Debug|Any CPU
		{DD54D1A3-8EE2-4FAB-B08D-B51A8373F04D}.AppStore|ARM.ActiveCfg = Debug|Any CPU
		{DD54D1A3-8EE2-4FAB-B08D-B51A8373F04D}.AppStore|ARM.Build.0 = Debug|Any CPU
		{DD54D1A3-8EE2-4FAB-B08D-B51A8373F04D}.AppStore|ARM.Deploy.0 = Debug|Any CPU
		{DD54D1A3-8EE2-4FAB-B08D-B51A8373F04D}.AppStore|iPhone.ActiveCfg = Debug|Any CPU
		{DD54D1A3-8EE2-4FAB-B08D-B51A8373F04D}.AppStore|iPhone.Build.0 = Debug|Any CPU
		{DD54D1A3-8EE2-4FAB-B08D-B51A8373F04D}.AppStore|iPhone.Deploy.0 = Debug|Any CPU
		{DD54D1A3-8EE2-4FAB-B08D-B51A8373F04D}.AppStore|iPhoneSimulator.ActiveCfg = Debug|Any CPU
		{DD54D1A3-8EE2-4FAB-B08D-B51A8373F04D}.AppStore|iPhoneSimulator.Build.0 = Debug|Any CPU
		{DD54D1A3-8EE2-4FAB-B08D-B51A8373F04D}.AppStore|iPhoneSimulator.Deploy.0 = Debug|Any CPU
		{DD54D1A3-8EE2-4FAB-B08D-B51A8373F04D}.AppStore|x64.ActiveCfg = Debug|Any CPU
		{DD54D1A3-8EE2-4FAB-B08D-B51A8373F04D}.AppStore|x64.Build.0 = Debug|Any CPU
		{DD54D1A3-8EE2-4FAB-B08D-B51A8373F04D}.AppStore|x64.Deploy.0 = Debug|Any CPU
		{DD54D1A3-8EE2-4FAB-B08D-B51A8373F04D}.AppStore|x86.ActiveCfg = Debug|Any CPU
		{DD54D1A3-8EE2-4FAB-B08D-B51A8373F04D}.AppStore|x86.Build.0 = Debug|Any CPU
		{DD54D1A3-8EE2-4FAB-B08D-B51A8373F04D}.AppStore|x86.Deploy.0 = Debug|Any CPU
		{DD54D1A3-8EE2-4FAB-B08D-B51A8373F04D}.Debug|Any CPU.ActiveCfg = Debug|Any CPU
		{DD54D1A3-8EE2-4FAB-B08D-B51A8373F04D}.Debug|Any CPU.Build.0 = Debug|Any CPU
		{DD54D1A3-8EE2-4FAB-B08D-B51A8373F04D}.Debug|Any CPU.Deploy.0 = Debug|Any CPU
		{DD54D1A3-8EE2-4FAB-B08D-B51A8373F04D}.Debug|ARM.ActiveCfg = Debug|Any CPU
		{DD54D1A3-8EE2-4FAB-B08D-B51A8373F04D}.Debug|ARM.Build.0 = Debug|Any CPU
		{DD54D1A3-8EE2-4FAB-B08D-B51A8373F04D}.Debug|ARM.Deploy.0 = Debug|Any CPU
		{DD54D1A3-8EE2-4FAB-B08D-B51A8373F04D}.Debug|iPhone.ActiveCfg = Debug|Any CPU
		{DD54D1A3-8EE2-4FAB-B08D-B51A8373F04D}.Debug|iPhone.Build.0 = Debug|Any CPU
		{DD54D1A3-8EE2-4FAB-B08D-B51A8373F04D}.Debug|iPhone.Deploy.0 = Debug|Any CPU
		{DD54D1A3-8EE2-4FAB-B08D-B51A8373F04D}.Debug|iPhoneSimulator.ActiveCfg = Debug|Any CPU
		{DD54D1A3-8EE2-4FAB-B08D-B51A8373F04D}.Debug|iPhoneSimulator.Build.0 = Debug|Any CPU
		{DD54D1A3-8EE2-4FAB-B08D-B51A8373F04D}.Debug|iPhoneSimulator.Deploy.0 = Debug|Any CPU
		{DD54D1A3-8EE2-4FAB-B08D-B51A8373F04D}.Debug|x64.ActiveCfg = Debug|Any CPU
		{DD54D1A3-8EE2-4FAB-B08D-B51A8373F04D}.Debug|x64.Build.0 = Debug|Any CPU
		{DD54D1A3-8EE2-4FAB-B08D-B51A8373F04D}.Debug|x64.Deploy.0 = Debug|Any CPU
		{DD54D1A3-8EE2-4FAB-B08D-B51A8373F04D}.Debug|x86.ActiveCfg = Debug|Any CPU
		{DD54D1A3-8EE2-4FAB-B08D-B51A8373F04D}.Debug|x86.Build.0 = Debug|Any CPU
		{DD54D1A3-8EE2-4FAB-B08D-B51A8373F04D}.Debug|x86.Deploy.0 = Debug|Any CPU
		{DD54D1A3-8EE2-4FAB-B08D-B51A8373F04D}.Release|Any CPU.ActiveCfg = Release|Any CPU
		{DD54D1A3-8EE2-4FAB-B08D-B51A8373F04D}.Release|Any CPU.Build.0 = Release|Any CPU
		{DD54D1A3-8EE2-4FAB-B08D-B51A8373F04D}.Release|Any CPU.Deploy.0 = Release|Any CPU
		{DD54D1A3-8EE2-4FAB-B08D-B51A8373F04D}.Release|ARM.ActiveCfg = Release|Any CPU
		{DD54D1A3-8EE2-4FAB-B08D-B51A8373F04D}.Release|ARM.Build.0 = Release|Any CPU
		{DD54D1A3-8EE2-4FAB-B08D-B51A8373F04D}.Release|ARM.Deploy.0 = Release|Any CPU
		{DD54D1A3-8EE2-4FAB-B08D-B51A8373F04D}.Release|iPhone.ActiveCfg = Release|Any CPU
		{DD54D1A3-8EE2-4FAB-B08D-B51A8373F04D}.Release|iPhone.Build.0 = Release|Any CPU
		{DD54D1A3-8EE2-4FAB-B08D-B51A8373F04D}.Release|iPhone.Deploy.0 = Release|Any CPU
		{DD54D1A3-8EE2-4FAB-B08D-B51A8373F04D}.Release|iPhoneSimulator.ActiveCfg = Release|Any CPU
		{DD54D1A3-8EE2-4FAB-B08D-B51A8373F04D}.Release|iPhoneSimulator.Build.0 = Release|Any CPU
		{DD54D1A3-8EE2-4FAB-B08D-B51A8373F04D}.Release|iPhoneSimulator.Deploy.0 = Release|Any CPU
		{DD54D1A3-8EE2-4FAB-B08D-B51A8373F04D}.Release|x64.ActiveCfg = Release|Any CPU
		{DD54D1A3-8EE2-4FAB-B08D-B51A8373F04D}.Release|x64.Build.0 = Release|Any CPU
		{DD54D1A3-8EE2-4FAB-B08D-B51A8373F04D}.Release|x64.Deploy.0 = Release|Any CPU
		{DD54D1A3-8EE2-4FAB-B08D-B51A8373F04D}.Release|x86.ActiveCfg = Release|Any CPU
		{DD54D1A3-8EE2-4FAB-B08D-B51A8373F04D}.Release|x86.Build.0 = Release|Any CPU
		{DD54D1A3-8EE2-4FAB-B08D-B51A8373F04D}.Release|x86.Deploy.0 = Release|Any CPU
	EndGlobalSection
	GlobalSection(SolutionProperties) = preSolution
		HideSolutionNode = FALSE
	EndGlobalSection
	GlobalSection(ExtensibilityGlobals) = postSolution
		SolutionGuid = {33475FA1-A6F9-4F38-9EBF-77F2583C0D70}
	EndGlobalSection
EndGlobal
